# This file is automatically @generated by Cargo.
# It is not intended for manual editing.
version = 4

[[package]]
name = "og-bearoff"
version = "0.1.0"
dependencies = [
 "og-core",
]

[[package]]
name = "og-cli"
version = "0.1.0"
dependencies = [
 "og-bearoff",
 "og-core",
 "og-engine",
 "og-formats",
 "og-rollout",
]

[[package]]
name = "og-core"
version = "0.1.0"

[[package]]
name = "og-engine"
version = "0.1.0"
dependencies = [
 "og-bearoff",
 "og-core",
]

[[package]]
name = "og-eval"
version = "0.1.0"
dependencies = [
 "og-core",
 "og-engine",
]

[[package]]
name = "og-formats"
version = "0.1.0"
dependencies = [
 "og-core",
]

[[package]]
name = "og-rollout"
version = "0.1.0"
dependencies = [
 "og-bearoff",
 "og-core",
 "og-engine",
]

[[package]]
name = "og-wasm"
version = "0.1.0"
dependencies = [
 "og-bearoff",
 "og-core",
 "og-engine",
]
